
Microsoft Visual Studio Solution File, Format Version 12.00
# Visual Studio Version 16
VisualStudioVersion = 16.0.31702.278
MinimumVisualStudioVersion = 10.0.40219.1
Project("{FAE04EC0-301F-11D3-BF4B-00C04F79EFBC}") = "XMLCodeGeneration", "XMLCodeGeneration\XMLCodeGeneration.csproj", "{76B9B7DC-9C9E-47B5-A258-E3A422E47DB1}"
EndProject
Global
	GlobalSection(SolutionConfigurationPlatforms) = preSolution
		Debug|Any CPU = Debug|Any CPU
		Release|Any CPU = Release|Any CPU
	EndGlobalSection
	GlobalSection(ProjectConfigurationPlatforms) = postSolution
		{76B9B7DC-9C9E-47B5-A258-E3A422E47DB1}.Debug|Any CPU.ActiveCfg = Debug|Any CPU
		{76B9B7DC-9C9E-47B5-A258-E3A422E47DB1}.Debug|Any CPU.Build.0 = Debug|Any CPU
		{76B9B7DC-9C9E-47B5-A258-E3A422E47DB1}.Release|Any CPU.ActiveCfg = Release|Any CPU
		{76B9B7DC-9C9E-47B5-A258-E3A422E47DB1}.Release|Any CPU.Build.0 = Release|Any CPU
	EndGlobalSection
	GlobalSection(SolutionProperties) = preSolution
		HideSolutionNode = FALSE
	EndGlobalSection
	GlobalSection(ExtensibilityGlobals) = postSolution
		SolutionGuid = {FB688231-7578-4DC9-BB23-ACD1A97382FF}
	EndGlobalSection
EndGlobal
